
Microsoft Visual Studio Solution File, Format Version 12.00
# Visual Studio Version 17
VisualStudioVersion = 17.2.32505.173
MinimumVisualStudioVersion = 10.0.40219.1
Project("{FAE04EC0-301F-11D3-BF4B-00C04F79EFBC}") = "DnD", "DnD\DnD.csproj", "{C3F0DF1E-888D-4824-9B17-284844057B4A}"
EndProject
Global
	GlobalSection(SolutionConfigurationPlatforms) = preSolution
		Debug|Any CPU = Debug|Any CPU
		Release|Any CPU = Release|Any CPU
	EndGlobalSection
	GlobalSection(ProjectConfigurationPlatforms) = postSolution
		{C3F0DF1E-888D-4824-9B17-284844057B4A}.Debug|Any CPU.ActiveCfg = Debug|Any CPU
		{C3F0DF1E-888D-4824-9B17-284844057B4A}.Debug|Any CPU.Build.0 = Debug|Any CPU
		{C3F0DF1E-888D-4824-9B17-284844057B4A}.Release|Any CPU.ActiveCfg = Release|Any CPU
		{C3F0DF1E-888D-4824-9B17-284844057B4A}.Release|Any CPU.Build.0 = Release|Any CPU
	EndGlobalSection
	GlobalSection(SolutionProperties) = preSolution
		HideSolutionNode = FALSE
	EndGlobalSection
	GlobalSection(ExtensibilityGlobals) = postSolution
		SolutionGuid = {44684574-86D3-4FA7-A84A-AF2E9E45F98C}
	EndGlobalSection
EndGlobal
