
Microsoft Visual Studio Solution File, Format Version 12.00
# Visual Studio Version 17
VisualStudioVersion = 17.2.32505.173
MinimumVisualStudioVersion = 10.0.40219.1
Project("{9A19103F-16F7-4668-BE54-9A1E7A4F7556}") = "Mod3_Calc_Console", "Mod2_Subscribers_Console\Mod3_Calc_Console.csproj", "{FFBFFA1D-E29E-49CD-8637-4574EE75F49C}"
EndProject
Global
	GlobalSection(SolutionConfigurationPlatforms) = preSolution
		Debug|Any CPU = Debug|Any CPU
		Release|Any CPU = Release|Any CPU
	EndGlobalSection
	GlobalSection(ProjectConfigurationPlatforms) = postSolution
		{FFBFFA1D-E29E-49CD-8637-4574EE75F49C}.Debug|Any CPU.ActiveCfg = Debug|Any CPU
		{FFBFFA1D-E29E-49CD-8637-4574EE75F49C}.Debug|Any CPU.Build.0 = Debug|Any CPU
		{FFBFFA1D-E29E-49CD-8637-4574EE75F49C}.Release|Any CPU.ActiveCfg = Release|Any CPU
		{FFBFFA1D-E29E-49CD-8637-4574EE75F49C}.Release|Any CPU.Build.0 = Release|Any CPU
	EndGlobalSection
	GlobalSection(SolutionProperties) = preSolution
		HideSolutionNode = FALSE
	EndGlobalSection
	GlobalSection(ExtensibilityGlobals) = postSolution
		SolutionGuid = {D02A385F-5D69-4134-ACC4-F1FC77E59BF1}
	EndGlobalSection
EndGlobal
