
Microsoft Visual Studio Solution File, Format Version 12.00
# Visual Studio Version 16
VisualStudioVersion = 16.0.32428.217
MinimumVisualStudioVersion = 10.0.40219.1
Project("{FAE04EC0-301F-11D3-BF4B-00C04F79EFBC}") = "Mod1Lab1_EventVenue", "Mod1Lab1_EventVenue\Mod1Lab1_EventVenue.csproj", "{05F7BD61-0A47-48D5-AEAF-6FFC107D757D}"
EndProject
Global
	GlobalSection(SolutionConfigurationPlatforms) = preSolution
		Debug|Any CPU = Debug|Any CPU
		Release|Any CPU = Release|Any CPU
	EndGlobalSection
	GlobalSection(ProjectConfigurationPlatforms) = postSolution
		{05F7BD61-0A47-48D5-AEAF-6FFC107D757D}.Debug|Any CPU.ActiveCfg = Debug|Any CPU
		{05F7BD61-0A47-48D5-AEAF-6FFC107D757D}.Debug|Any CPU.Build.0 = Debug|Any CPU
		{05F7BD61-0A47-48D5-AEAF-6FFC107D757D}.Release|Any CPU.ActiveCfg = Release|Any CPU
		{05F7BD61-0A47-48D5-AEAF-6FFC107D757D}.Release|Any CPU.Build.0 = Release|Any CPU
	EndGlobalSection
	GlobalSection(SolutionProperties) = preSolution
		HideSolutionNode = FALSE
	EndGlobalSection
	GlobalSection(ExtensibilityGlobals) = postSolution
		SolutionGuid = {09D08413-29E2-4C49-80FD-27C022566413}
	EndGlobalSection
EndGlobal
